
Microsoft Visual Studio Solution File, Format Version 12.00
Project("{FAE04EC0-301F-11D3-BF4B-00C04F79EFBC}") = "API", "API\API.csproj", "{EB04CD60-B3D9-4C69-93C7-0A437F6CCDF5}"
EndProject
Project("{FAE04EC0-301F-11D3-BF4B-00C04F79EFBC}") = "Domain", "Domain\Domain.csproj", "{34EAC3EA-32A0-4151-8536-9D420E49E29D}"
EndProject
Project("{FAE04EC0-301F-11D3-BF4B-00C04F79EFBC}") = "Application", "Application\Application.csproj", "{59E0014C-FC60-439A-8D80-152D3DA27B4E}"
EndProject
Project("{FAE04EC0-301F-11D3-BF4B-00C04F79EFBC}") = "Infrastructure", "Infrastructure\Infrastructure.csproj", "{CD555DA4-C6CA-4996-95A6-B04706A33598}"
EndProject
Global
	GlobalSection(SolutionConfigurationPlatforms) = preSolution
		Debug|Any CPU = Debug|Any CPU
		Release|Any CPU = Release|Any CPU
	EndGlobalSection
	GlobalSection(ProjectConfigurationPlatforms) = postSolution
		{EB04CD60-B3D9-4C69-93C7-0A437F6CCDF5}.Debug|Any CPU.ActiveCfg = Debug|Any CPU
		{EB04CD60-B3D9-4C69-93C7-0A437F6CCDF5}.Debug|Any CPU.Build.0 = Debug|Any CPU
		{EB04CD60-B3D9-4C69-93C7-0A437F6CCDF5}.Release|Any CPU.ActiveCfg = Release|Any CPU
		{EB04CD60-B3D9-4C69-93C7-0A437F6CCDF5}.Release|Any CPU.Build.0 = Release|Any CPU
		{34EAC3EA-32A0-4151-8536-9D420E49E29D}.Debug|Any CPU.ActiveCfg = Debug|Any CPU
		{34EAC3EA-32A0-4151-8536-9D420E49E29D}.Debug|Any CPU.Build.0 = Debug|Any CPU
		{34EAC3EA-32A0-4151-8536-9D420E49E29D}.Release|Any CPU.ActiveCfg = Release|Any CPU
		{34EAC3EA-32A0-4151-8536-9D420E49E29D}.Release|Any CPU.Build.0 = Release|Any CPU
		{59E0014C-FC60-439A-8D80-152D3DA27B4E}.Debug|Any CPU.ActiveCfg = Debug|Any CPU
		{59E0014C-FC60-439A-8D80-152D3DA27B4E}.Debug|Any CPU.Build.0 = Debug|Any CPU
		{59E0014C-FC60-439A-8D80-152D3DA27B4E}.Release|Any CPU.ActiveCfg = Release|Any CPU
		{59E0014C-FC60-439A-8D80-152D3DA27B4E}.Release|Any CPU.Build.0 = Release|Any CPU
		{CD555DA4-C6CA-4996-95A6-B04706A33598}.Debug|Any CPU.ActiveCfg = Debug|Any CPU
		{CD555DA4-C6CA-4996-95A6-B04706A33598}.Debug|Any CPU.Build.0 = Debug|Any CPU
		{CD555DA4-C6CA-4996-95A6-B04706A33598}.Release|Any CPU.ActiveCfg = Release|Any CPU
		{CD555DA4-C6CA-4996-95A6-B04706A33598}.Release|Any CPU.Build.0 = Release|Any CPU
	EndGlobalSection
EndGlobal
